
Microsoft Visual Studio Solution File, Format Version 12.00
# Visual Studio Version 16
VisualStudioVersion = 16.0.29920.165
MinimumVisualStudioVersion = 10.0.40219.1
Project("{888888A0-9F3D-457C-B088-3A5042F75D52}") = "craps", "craps.pyproj", "{6CB418BA-3942-41C0-8492-BB8745A33BEC}"
EndProject
Global
	GlobalSection(SolutionConfigurationPlatforms) = preSolution
		Debug|Any CPU = Debug|Any CPU
		Release|Any CPU = Release|Any CPU
	EndGlobalSection
	GlobalSection(ProjectConfigurationPlatforms) = postSolution
		{6CB418BA-3942-41C0-8492-BB8745A33BEC}.Debug|Any CPU.ActiveCfg = Debug|Any CPU
		{6CB418BA-3942-41C0-8492-BB8745A33BEC}.Release|Any CPU.ActiveCfg = Release|Any CPU
	EndGlobalSection
	GlobalSection(SolutionProperties) = preSolution
		HideSolutionNode = FALSE
	EndGlobalSection
	GlobalSection(ExtensibilityGlobals) = postSolution
		SolutionGuid = {DFD5D56B-21C7-409E-8F88-7A615E7BC0AD}
	EndGlobalSection
EndGlobal
